{
  "name": "economic-sentences-graphql",
  "version": "1.0.0",
  "lockfileVersion": 1,
  "requires": true,
  "dependencies": {
    "ip": {
      "version": "1.1.5",
      "resolved": "https://registry.npmjs.org/ip/-/ip-1.1.5.tgz",
      "integrity": "sha1-vd7XARQpCCjAoDnnLvJfWq7ENUo="
    },
    "is-valid-domain": {
      "version": "0.0.6",
      "resolved": "https://registry.npmjs.org/is-valid-domain/-/is-valid-domain-0.0.6.tgz",
      "integrity": "sha512-XXiNRcLcNKeb0LB3PzB39gJa8QiA+6nnc4NX9zNvFQcaITWU+64hfVqaVppbSd3tSVlJttW6sINkX3xLKPax7A=="
    },
    "pull-stream": {
      "version": "3.6.9",
      "resolved": "https://registry.npmjs.org/pull-stream/-/pull-stream-3.6.9.tgz",
      "integrity": "sha512-hJn4POeBrkttshdNl0AoSCVjMVSuBwuHocMerUdoZ2+oIUzrWHFTwJMlbHND7OiKLVgvz6TFj8ZUVywUMXccbw=="
    },
    "ssb-helpers": {
      "version": "0.0.7",
      "resolved": "https://registry.npmjs.org/ssb-helpers/-/ssb-helpers-0.0.7.tgz",
      "integrity": "sha512-8DtmnVZ7VFXl9wFISK8N3mHhTOBn9lfXKszYUYxz3io4AIKztjtUPede2tEf/zv8C2GGpREiyVOkKp2mhEIwwQ==",
      "requires": {
        "pull-stream": "^3.6.8",
        "ssb-ref": "^2.11.1"
      }
    },
    "ssb-ref": {
      "version": "2.12.0",
      "resolved": "https://registry.npmjs.org/ssb-ref/-/ssb-ref-2.12.0.tgz",
      "integrity": "sha512-xcVFLYgvWkxZoNDCOQHLqgHYsjmfunVkdby9OPEygjufXbiW6zpnFTBqlqEBojBetxxtVdwCgZreD9kYXED/ZA==",
      "requires": {
        "ip": "^1.1.3",
        "is-valid-domain": "~0.0.1"
      }
    }
  }
}
